
Microsoft Visual Studio Solution File, Format Version 12.00
# Visual Studio 14
VisualStudioVersion = 14.0.23107.0
MinimumVisualStudioVersion = 10.0.40219.1
Project("{E24C65DC-7377-472B-9ABA-BC803B73C61A}") = "IThoughts", "http://localhost:49581", "{73DEF57B-A926-4CB2-858F-9ADD39EF9432}"
	ProjectSection(WebsiteProperties) = preProject
		UseIISExpress = "true"
		TargetFrameworkMoniker = ".NETFramework,Version%3Dv4.0"
		Debug.AspNetCompiler.VirtualPath = "/localhost_49581"
		Debug.AspNetCompiler.PhysicalPath = "..\..\..\..\..\..\phonegap+ionic\IThoughts\"
		Debug.AspNetCompiler.TargetPath = "PrecompiledWeb\localhost_49581\"
		Debug.AspNetCompiler.Updateable = "true"
		Debug.AspNetCompiler.ForceOverwrite = "true"
		Debug.AspNetCompiler.FixedNames = "false"
		Debug.AspNetCompiler.Debug = "True"
		Release.AspNetCompiler.VirtualPath = "/localhost_49581"
		Release.AspNetCompiler.PhysicalPath = "..\..\..\..\..\..\phonegap+ionic\IThoughts\"
		Release.AspNetCompiler.TargetPath = "PrecompiledWeb\localhost_49581\"
		Release.AspNetCompiler.Updateable = "true"
		Release.AspNetCompiler.ForceOverwrite = "true"
		Release.AspNetCompiler.FixedNames = "false"
		Release.AspNetCompiler.Debug = "False"
		SlnRelativePath = "..\..\..\..\..\..\phonegap+ionic\IThoughts\"
	EndProjectSection
EndProject
Global
	GlobalSection(SolutionConfigurationPlatforms) = preSolution
		Debug|Any CPU = Debug|Any CPU
	EndGlobalSection
	GlobalSection(ProjectConfigurationPlatforms) = postSolution
		{73DEF57B-A926-4CB2-858F-9ADD39EF9432}.Debug|Any CPU.ActiveCfg = Debug|Any CPU
		{73DEF57B-A926-4CB2-858F-9ADD39EF9432}.Debug|Any CPU.Build.0 = Debug|Any CPU
	EndGlobalSection
	GlobalSection(SolutionProperties) = preSolution
		HideSolutionNode = FALSE
	EndGlobalSection
EndGlobal
